
Microsoft Visual Studio Solution File, Format Version 12.00
# Visual Studio Version 17
VisualStudioVersion = 17.3.32922.545
MinimumVisualStudioVersion = 10.0.40219.1
Project("{FAE04EC0-301F-11D3-BF4B-00C04F79EFBC}") = "CeilInn1", "CeilInn1\CeilInn1.csproj", "{824B6A70-A8F6-4A66-AF58-69D7FD73457C}"
EndProject
Global
	GlobalSection(SolutionConfigurationPlatforms) = preSolution
		Debug|Any CPU = Debug|Any CPU
		Release|Any CPU = Release|Any CPU
	EndGlobalSection
	GlobalSection(ProjectConfigurationPlatforms) = postSolution
		{824B6A70-A8F6-4A66-AF58-69D7FD73457C}.Debug|Any CPU.ActiveCfg = Debug|Any CPU
		{824B6A70-A8F6-4A66-AF58-69D7FD73457C}.Debug|Any CPU.Build.0 = Debug|Any CPU
		{824B6A70-A8F6-4A66-AF58-69D7FD73457C}.Release|Any CPU.ActiveCfg = Release|Any CPU
		{824B6A70-A8F6-4A66-AF58-69D7FD73457C}.Release|Any CPU.Build.0 = Release|Any CPU
	EndGlobalSection
	GlobalSection(SolutionProperties) = preSolution
		HideSolutionNode = FALSE
	EndGlobalSection
	GlobalSection(ExtensibilityGlobals) = postSolution
		SolutionGuid = {EFA37481-3932-4E2E-A96D-21A8549AFD40}
	EndGlobalSection
EndGlobal
